
Microsoft Visual Studio Solution File, Format Version 12.00
# Visual Studio Version 17
VisualStudioVersion = 17.4.33110.190
MinimumVisualStudioVersion = 10.0.40219.1
Project("{FAE04EC0-301F-11D3-BF4B-00C04F79EFBC}") = "Find_Area_Figure_Lib", "Find_Area_Figure_Lib\Find_Area_Figure_Lib.csproj", "{680690AF-40FA-48D0-8840-134BC7A49ABD}"
EndProject
Project("{FAE04EC0-301F-11D3-BF4B-00C04F79EFBC}") = "Find_Area_Figure_Lib.Test", "Find_Area_Figure_Lib.Test\Find_Area_Figure_Lib.Test.csproj", "{876AE848-BEF6-496E-9CAB-F6CCAB63D693}"
EndProject
Global
	GlobalSection(SolutionConfigurationPlatforms) = preSolution
		Debug|Any CPU = Debug|Any CPU
		Release|Any CPU = Release|Any CPU
	EndGlobalSection
	GlobalSection(ProjectConfigurationPlatforms) = postSolution
		{680690AF-40FA-48D0-8840-134BC7A49ABD}.Debug|Any CPU.ActiveCfg = Debug|Any CPU
		{680690AF-40FA-48D0-8840-134BC7A49ABD}.Debug|Any CPU.Build.0 = Debug|Any CPU
		{680690AF-40FA-48D0-8840-134BC7A49ABD}.Release|Any CPU.ActiveCfg = Release|Any CPU
		{680690AF-40FA-48D0-8840-134BC7A49ABD}.Release|Any CPU.Build.0 = Release|Any CPU
		{876AE848-BEF6-496E-9CAB-F6CCAB63D693}.Debug|Any CPU.ActiveCfg = Debug|Any CPU
		{876AE848-BEF6-496E-9CAB-F6CCAB63D693}.Debug|Any CPU.Build.0 = Debug|Any CPU
		{876AE848-BEF6-496E-9CAB-F6CCAB63D693}.Release|Any CPU.ActiveCfg = Release|Any CPU
		{876AE848-BEF6-496E-9CAB-F6CCAB63D693}.Release|Any CPU.Build.0 = Release|Any CPU
	EndGlobalSection
	GlobalSection(SolutionProperties) = preSolution
		HideSolutionNode = FALSE
	EndGlobalSection
	GlobalSection(ExtensibilityGlobals) = postSolution
		SolutionGuid = {DDE8654D-C4DF-407D-BDCA-87125785B697}
	EndGlobalSection
EndGlobal
